
Microsoft Visual Studio Solution File, Format Version 12.00
Project("{FAE04EC0-301F-11D3-BF4B-00C04F79EFBC}") = "E-shopAPI", "E-shopAPI\E-shopAPI.csproj", "{F628D3A8-0AE1-45C5-BFD6-A8BC8121EB72}"
EndProject
Project("{FAE04EC0-301F-11D3-BF4B-00C04F79EFBC}") = "Application", "Application\Application.csproj", "{24AEB0F5-A473-4037-B4D4-C4F4B9A7BB0E}"
EndProject
Project("{FAE04EC0-301F-11D3-BF4B-00C04F79EFBC}") = "Domain", "Domain\Domain.csproj", "{FFFA0FA9-F3DD-4B82-B4DA-B0D24ECC17F1}"
EndProject
Project("{FAE04EC0-301F-11D3-BF4B-00C04F79EFBC}") = "Infrastructure", "Infrastructure\Infrastructure.csproj", "{33E18B87-1435-49B1-9760-42C56C1AEC5F}"
EndProject
Project("{2150E333-8FDC-42A3-9474-1A3956D46DE8}") = "src", "src", "{73AC6BFA-9ED0-424A-974C-3749B1713665}"
EndProject
Project("{2150E333-8FDC-42A3-9474-1A3956D46DE8}") = "tests", "tests", "{1543693C-698C-43F9-A564-2D09D021F4F3}"
EndProject
Project("{FAE04EC0-301F-11D3-BF4B-00C04F79EFBC}") = "Application.UnitTests", "Application.UnitTests\Application.UnitTests.csproj", "{78B6E082-15B1-4825-981E-D8F905C480D1}"
EndProject
Global
	GlobalSection(SolutionConfigurationPlatforms) = preSolution
		Debug|Any CPU = Debug|Any CPU
		Release|Any CPU = Release|Any CPU
	EndGlobalSection
	GlobalSection(ProjectConfigurationPlatforms) = postSolution
		{F628D3A8-0AE1-45C5-BFD6-A8BC8121EB72}.Debug|Any CPU.ActiveCfg = Debug|Any CPU
		{F628D3A8-0AE1-45C5-BFD6-A8BC8121EB72}.Debug|Any CPU.Build.0 = Debug|Any CPU
		{F628D3A8-0AE1-45C5-BFD6-A8BC8121EB72}.Release|Any CPU.ActiveCfg = Release|Any CPU
		{F628D3A8-0AE1-45C5-BFD6-A8BC8121EB72}.Release|Any CPU.Build.0 = Release|Any CPU
		{24AEB0F5-A473-4037-B4D4-C4F4B9A7BB0E}.Debug|Any CPU.ActiveCfg = Debug|Any CPU
		{24AEB0F5-A473-4037-B4D4-C4F4B9A7BB0E}.Debug|Any CPU.Build.0 = Debug|Any CPU
		{24AEB0F5-A473-4037-B4D4-C4F4B9A7BB0E}.Release|Any CPU.ActiveCfg = Release|Any CPU
		{24AEB0F5-A473-4037-B4D4-C4F4B9A7BB0E}.Release|Any CPU.Build.0 = Release|Any CPU
		{FFFA0FA9-F3DD-4B82-B4DA-B0D24ECC17F1}.Debug|Any CPU.ActiveCfg = Debug|Any CPU
		{FFFA0FA9-F3DD-4B82-B4DA-B0D24ECC17F1}.Debug|Any CPU.Build.0 = Debug|Any CPU
		{FFFA0FA9-F3DD-4B82-B4DA-B0D24ECC17F1}.Release|Any CPU.ActiveCfg = Release|Any CPU
		{FFFA0FA9-F3DD-4B82-B4DA-B0D24ECC17F1}.Release|Any CPU.Build.0 = Release|Any CPU
		{33E18B87-1435-49B1-9760-42C56C1AEC5F}.Debug|Any CPU.ActiveCfg = Debug|Any CPU
		{33E18B87-1435-49B1-9760-42C56C1AEC5F}.Debug|Any CPU.Build.0 = Debug|Any CPU
		{33E18B87-1435-49B1-9760-42C56C1AEC5F}.Release|Any CPU.ActiveCfg = Release|Any CPU
		{33E18B87-1435-49B1-9760-42C56C1AEC5F}.Release|Any CPU.Build.0 = Release|Any CPU
		{78B6E082-15B1-4825-981E-D8F905C480D1}.Debug|Any CPU.ActiveCfg = Debug|Any CPU
		{78B6E082-15B1-4825-981E-D8F905C480D1}.Debug|Any CPU.Build.0 = Debug|Any CPU
		{78B6E082-15B1-4825-981E-D8F905C480D1}.Release|Any CPU.ActiveCfg = Release|Any CPU
		{78B6E082-15B1-4825-981E-D8F905C480D1}.Release|Any CPU.Build.0 = Release|Any CPU
	EndGlobalSection
	GlobalSection(NestedProjects) = preSolution
		{24AEB0F5-A473-4037-B4D4-C4F4B9A7BB0E} = {73AC6BFA-9ED0-424A-974C-3749B1713665}
		{FFFA0FA9-F3DD-4B82-B4DA-B0D24ECC17F1} = {73AC6BFA-9ED0-424A-974C-3749B1713665}
		{F628D3A8-0AE1-45C5-BFD6-A8BC8121EB72} = {73AC6BFA-9ED0-424A-974C-3749B1713665}
		{33E18B87-1435-49B1-9760-42C56C1AEC5F} = {73AC6BFA-9ED0-424A-974C-3749B1713665}
		{78B6E082-15B1-4825-981E-D8F905C480D1} = {1543693C-698C-43F9-A564-2D09D021F4F3}
	EndGlobalSection
EndGlobal
