
Microsoft Visual Studio Solution File, Format Version 12.00
Project("{FAE04EC0-301F-11D3-BF4B-00C04F79EFBC}") = "E-shopAPI", "E-shopAPI\E-shopAPI.csproj", "{F628D3A8-0AE1-45C5-BFD6-A8BC8121EB72}"
EndProject
Project("{FAE04EC0-301F-11D3-BF4B-00C04F79EFBC}") = "Application", "Application\Application.csproj", "{24AEB0F5-A473-4037-B4D4-C4F4B9A7BB0E}"
EndProject
Project("{FAE04EC0-301F-11D3-BF4B-00C04F79EFBC}") = "Domain", "Domain\Domain.csproj", "{FFFA0FA9-F3DD-4B82-B4DA-B0D24ECC17F1}"
EndProject
Project("{FAE04EC0-301F-11D3-BF4B-00C04F79EFBC}") = "Infrastructure", "Infrastructure\Infrastructure.csproj", "{33E18B87-1435-49B1-9760-42C56C1AEC5F}"
EndProject
Global
	GlobalSection(SolutionConfigurationPlatforms) = preSolution
		Debug|Any CPU = Debug|Any CPU
		Release|Any CPU = Release|Any CPU
	EndGlobalSection
	GlobalSection(ProjectConfigurationPlatforms) = postSolution
		{F628D3A8-0AE1-45C5-BFD6-A8BC8121EB72}.Debug|Any CPU.ActiveCfg = Debug|Any CPU
		{F628D3A8-0AE1-45C5-BFD6-A8BC8121EB72}.Debug|Any CPU.Build.0 = Debug|Any CPU
		{F628D3A8-0AE1-45C5-BFD6-A8BC8121EB72}.Release|Any CPU.ActiveCfg = Release|Any CPU
		{F628D3A8-0AE1-45C5-BFD6-A8BC8121EB72}.Release|Any CPU.Build.0 = Release|Any CPU
		{24AEB0F5-A473-4037-B4D4-C4F4B9A7BB0E}.Debug|Any CPU.ActiveCfg = Debug|Any CPU
		{24AEB0F5-A473-4037-B4D4-C4F4B9A7BB0E}.Debug|Any CPU.Build.0 = Debug|Any CPU
		{24AEB0F5-A473-4037-B4D4-C4F4B9A7BB0E}.Release|Any CPU.ActiveCfg = Release|Any CPU
		{24AEB0F5-A473-4037-B4D4-C4F4B9A7BB0E}.Release|Any CPU.Build.0 = Release|Any CPU
		{FFFA0FA9-F3DD-4B82-B4DA-B0D24ECC17F1}.Debug|Any CPU.ActiveCfg = Debug|Any CPU
		{FFFA0FA9-F3DD-4B82-B4DA-B0D24ECC17F1}.Debug|Any CPU.Build.0 = Debug|Any CPU
		{FFFA0FA9-F3DD-4B82-B4DA-B0D24ECC17F1}.Release|Any CPU.ActiveCfg = Release|Any CPU
		{FFFA0FA9-F3DD-4B82-B4DA-B0D24ECC17F1}.Release|Any CPU.Build.0 = Release|Any CPU
		{33E18B87-1435-49B1-9760-42C56C1AEC5F}.Debug|Any CPU.ActiveCfg = Debug|Any CPU
		{33E18B87-1435-49B1-9760-42C56C1AEC5F}.Debug|Any CPU.Build.0 = Debug|Any CPU
		{33E18B87-1435-49B1-9760-42C56C1AEC5F}.Release|Any CPU.ActiveCfg = Release|Any CPU
		{33E18B87-1435-49B1-9760-42C56C1AEC5F}.Release|Any CPU.Build.0 = Release|Any CPU
	EndGlobalSection
EndGlobal
